
Microsoft Visual Studio Solution File, Format Version 12.00
# Visual Studio Version 17
VisualStudioVersion = 17.2.32602.215
MinimumVisualStudioVersion = 10.0.40219.1
Project("{9A19103F-16F7-4668-BE54-9A1E7A4F7556}") = "HW.01.Casting", "HW.01.Casting\HW.01.Casting.csproj", "{847EA8E9-8917-46A8-99B9-38453CA25058}"
EndProject
Project("{9A19103F-16F7-4668-BE54-9A1E7A4F7556}") = "HW.02.Types", "HW.02.Types\HW.02.Types.csproj", "{8567FE7E-36E0-40B4-9E90-200DCD10540F}"
EndProject
Project("{9A19103F-16F7-4668-BE54-9A1E7A4F7556}") = "HW.03.QuadraticFormula", "HW.03.QuadraticFormula\HW.03.QuadraticFormula.csproj", "{C4EB4455-47E2-4D41-8420-AA3EDBBBD210}"
EndProject
Project("{FAE04EC0-301F-11D3-BF4B-00C04F79EFBC}") = "HW.04.Image", "HW.04.Image\HW.04.Image.csproj", "{189AE463-938E-4EDE-8A6B-099A02CCDF07}"
EndProject
Global
	GlobalSection(SolutionConfigurationPlatforms) = preSolution
		Debug|Any CPU = Debug|Any CPU
		Release|Any CPU = Release|Any CPU
	EndGlobalSection
	GlobalSection(ProjectConfigurationPlatforms) = postSolution
		{847EA8E9-8917-46A8-99B9-38453CA25058}.Debug|Any CPU.ActiveCfg = Debug|Any CPU
		{847EA8E9-8917-46A8-99B9-38453CA25058}.Debug|Any CPU.Build.0 = Debug|Any CPU
		{847EA8E9-8917-46A8-99B9-38453CA25058}.Release|Any CPU.ActiveCfg = Release|Any CPU
		{847EA8E9-8917-46A8-99B9-38453CA25058}.Release|Any CPU.Build.0 = Release|Any CPU
		{8567FE7E-36E0-40B4-9E90-200DCD10540F}.Debug|Any CPU.ActiveCfg = Debug|Any CPU
		{8567FE7E-36E0-40B4-9E90-200DCD10540F}.Debug|Any CPU.Build.0 = Debug|Any CPU
		{8567FE7E-36E0-40B4-9E90-200DCD10540F}.Release|Any CPU.ActiveCfg = Release|Any CPU
		{8567FE7E-36E0-40B4-9E90-200DCD10540F}.Release|Any CPU.Build.0 = Release|Any CPU
		{C4EB4455-47E2-4D41-8420-AA3EDBBBD210}.Debug|Any CPU.ActiveCfg = Debug|Any CPU
		{C4EB4455-47E2-4D41-8420-AA3EDBBBD210}.Debug|Any CPU.Build.0 = Debug|Any CPU
		{C4EB4455-47E2-4D41-8420-AA3EDBBBD210}.Release|Any CPU.ActiveCfg = Release|Any CPU
		{C4EB4455-47E2-4D41-8420-AA3EDBBBD210}.Release|Any CPU.Build.0 = Release|Any CPU
		{189AE463-938E-4EDE-8A6B-099A02CCDF07}.Debug|Any CPU.ActiveCfg = Debug|Any CPU
		{189AE463-938E-4EDE-8A6B-099A02CCDF07}.Debug|Any CPU.Build.0 = Debug|Any CPU
		{189AE463-938E-4EDE-8A6B-099A02CCDF07}.Release|Any CPU.ActiveCfg = Release|Any CPU
		{189AE463-938E-4EDE-8A6B-099A02CCDF07}.Release|Any CPU.Build.0 = Release|Any CPU
	EndGlobalSection
	GlobalSection(SolutionProperties) = preSolution
		HideSolutionNode = FALSE
	EndGlobalSection
	GlobalSection(ExtensibilityGlobals) = postSolution
		SolutionGuid = {F0E22280-90EC-47EA-8F58-F94418A1ACAE}
	EndGlobalSection
EndGlobal
